// !$*UTF8*$!
{
	archiveVersion = 1;
	classes = {
	};
	objectVersion = 56;
	objects = {

/* Begin PBXBuildFile section */
		ADC8D0CA2B5ABC2600112718 /* AppDelegate.swift in Sources */ = {isa = PBXBuildFile; fileRef = ADC8D0C92B5ABC2600112718 /* AppDelegate.swift */; };
		ADC8D0CC2B5ABC2600112718 /* SceneDelegate.swift in Sources */ = {isa = PBXBuildFile; fileRef = ADC8D0CB2B5ABC2600112718 /* SceneDelegate.swift */; };
		ADC8D0CE2B5ABC2600112718 /* ViewController.swift in Sources */ = {isa = PBXBuildFile; fileRef = ADC8D0CD2B5ABC2600112718 /* ViewController.swift */; };
		ADC8D0D12B5ABC2600112718 /* Main.storyboard in Resources */ = {isa = PBXBuildFile; fileRef = ADC8D0CF2B5ABC2600112718 /* Main.storyboard */; };
		ADC8D0D32B5ABC2700112718 /* Assets.xcassets in Resources */ = {isa = PBXBuildFile; fileRef = ADC8D0D22B5ABC2700112718 /* Assets.xcassets */; };
		ADC8D0D62B5ABC2700112718 /* LaunchScreen.storyboard in Resources */ = {isa = PBXBuildFile; fileRef = ADC8D0D42B5ABC2700112718 /* LaunchScreen.storyboard */; };
		ADC8D0E32B5ABD0E00112718 /* President.swift in Sources */ = {isa = PBXBuildFile; fileRef = ADC8D0E22B5ABD0E00112718 /* President.swift */; };
		ADC8D0E92B5ABE6200112718 /* presidents.json in Resources */ = {isa = PBXBuildFile; fileRef = ADC8D0E82B5ABE6200112718 /* presidents.json */; };
/* End PBXBuildFile section */

/* Begin PBXFileReference section */
		ADC8D0C62B5ABC2600112718 /* Parsing-JSON-USING-Bundle.app */ = {isa = PBXFileReference; explicitFileType = wrapper.application; includeInIndex = 0; path = "Parsing-JSON-USING-Bundle.app"; sourceTree = BUILT_PRODUCTS_DIR; };
		ADC8D0C92B5ABC2600112718 /* AppDelegate.swift */ = {isa = PBXFileReference; lastKnownFileType = sourcecode.swift; path = AppDelegate.swift; sourceTree = "<group>"; };
		ADC8D0CB2B5ABC2600112718 /* SceneDelegate.swift */ = {isa = PBXFileReference; lastKnownFileType = sourcecode.swift; path = SceneDelegate.swift; sourceTree = "<group>"; };
		ADC8D0CD2B5ABC2600112718 /* ViewController.swift */ = {isa = PBXFileReference; lastKnownFileType = sourcecode.swift; path = ViewController.swift; sourceTree = "<group>"; };
		ADC8D0D02B5ABC2600112718 /* Base */ = {isa = PBXFileReference; lastKnownFileType = file.storyboard; name = Base; path = Base.lproj/Main.storyboard; sourceTree = "<group>"; };
		ADC8D0D22B5ABC2700112718 /* Assets.xcassets */ = {isa = PBXFileReference; lastKnownFileType = folder.assetcatalog; path = Assets.xcassets; sourceTree = "<group>"; };
		ADC8D0D52B5ABC2700112718 /* Base */ = {isa = PBXFileReference; lastKnownFileType = file.storyboard; name = Base; path = Base.lproj/LaunchScreen.storyboard; sourceTree = "<group>"; };
		ADC8D0D72B5ABC2700112718 /* Info.plist */ = {isa = PBXFileReference; lastKnownFileType = text.plist.xml; path = Info.plist; sourceTree = "<group>"; };
		ADC8D0E22B5ABD0E00112718 /* President.swift */ = {isa = PBXFileReference; lastKnownFileType = sourcecode.swift; path = President.swift; sourceTree = "<group>"; };
		ADC8D0E82B5ABE6200112718 /* presidents.json */ = {isa = PBXFileReference; lastKnownFileType = text.json; path = presidents.json; sourceTree = "<group>"; };
/* End PBXFileReference section */

/* Begin PBXFrameworksBuildPhase section */
		ADC8D0C32B5ABC2600112718 /* Frameworks */ = {
			isa = PBXFrameworksBuildPhase;
			buildActionMask = 2147483647;
			files = (
			);
			runOnlyForDeploymentPostprocessing = 0;
		};
/* End PBXFrameworksBuildPhase section */

/* Begin PBXGroup section */
		ADC8D0BD2B5ABC2600112718 = {
			isa = PBXGroup;
			children = (
				ADC8D0C82B5ABC2600112718 /* Parsing-JSON-USING-Bundle */,
				ADC8D0C72B5ABC2600112718 /* Products */,
			);
			sourceTree = "<group>";
		};
		ADC8D0C72B5ABC2600112718 /* Products */ = {
			isa = PBXGroup;
			children = (
				ADC8D0C62B5ABC2600112718 /* Parsing-JSON-USING-Bundle.app */,
			);
			name = Products;
			sourceTree = "<group>";
		};
		ADC8D0C82B5ABC2600112718 /* Parsing-JSON-USING-Bundle */ = {
			isa = PBXGroup;
			children = (
				ADC8D0DD2B5ABC4F00112718 /* Application */,
				ADC8D0E12B5ABC9600112718 /* Model */,
				ADC8D0E02B5ABC7A00112718 /* Controllers */,
				ADC8D0DF2B5ABC6600112718 /* Storyboards */,
				ADC8D0DE2B5ABC5D00112718 /* Resources */,
				ADC8D0D72B5ABC2700112718 /* Info.plist */,
				ADC8D0E82B5ABE6200112718 /* presidents.json */,
			);
			path = "Parsing-JSON-USING-Bundle";
			sourceTree = "<group>";
		};
		ADC8D0DD2B5ABC4F00112718 /* Application */ = {
			isa = PBXGroup;
			children = (
				ADC8D0C92B5ABC2600112718 /* AppDelegate.swift */,
				ADC8D0CB2B5ABC2600112718 /* SceneDelegate.swift */,
			);
			path = Application;
			sourceTree = "<group>";
		};
		ADC8D0DE2B5ABC5D00112718 /* Resources */ = {
			isa = PBXGroup;
			children = (
				ADC8D0D22B5ABC2700112718 /* Assets.xcassets */,
				ADC8D0D42B5ABC2700112718 /* LaunchScreen.storyboard */,
			);
			path = Resources;
			sourceTree = "<group>";
		};
		ADC8D0DF2B5ABC6600112718 /* Storyboards */ = {
			isa = PBXGroup;
			children = (
				ADC8D0CF2B5ABC2600112718 /* Main.storyboard */,
			);
			path = Storyboards;
			sourceTree = "<group>";
		};
		ADC8D0E02B5ABC7A00112718 /* Controllers */ = {
			isa = PBXGroup;
			children = (
				ADC8D0CD2B5ABC2600112718 /* ViewController.swift */,
			);
			path = Controllers;
			sourceTree = "<group>";
		};
		ADC8D0E12B5ABC9600112718 /* Model */ = {
			isa = PBXGroup;
			children = (
				ADC8D0E22B5ABD0E00112718 /* President.swift */,
			);
			path = Model;
			sourceTree = "<group>";
		};
/* End PBXGroup section */

/* Begin PBXNativeTarget section */
		ADC8D0C52B5ABC2600112718 /* Parsing-JSON-USING-Bundle */ = {
			isa = PBXNativeTarget;
			buildConfigurationList = ADC8D0DA2B5ABC2700112718 /* Build configuration list for PBXNativeTarget "Parsing-JSON-USING-Bundle" */;
			buildPhases = (
				ADC8D0C22B5ABC2600112718 /* Sources */,
				ADC8D0C32B5ABC2600112718 /* Frameworks */,
				ADC8D0C42B5ABC2600112718 /* Resources */,
			);
			buildRules = (
			);
			dependencies = (
			);
			name = "Parsing-JSON-USING-Bundle";
			productName = "Parsing-JSON-USING-Bundle";
			productReference = ADC8D0C62B5ABC2600112718 /* Parsing-JSON-USING-Bundle.app */;
			productType = "com.apple.product-type.application";
		};
/* End PBXNativeTarget section */

/* Begin PBXProject section */
		ADC8D0BE2B5ABC2600112718 /* Project object */ = {
			isa = PBXProject;
			attributes = {
				BuildIndependentTargetsInParallel = 1;
				LastSwiftUpdateCheck = 1430;
				LastUpgradeCheck = 1430;
				TargetAttributes = {
					ADC8D0C52B5ABC2600112718 = {
						CreatedOnToolsVersion = 14.3.1;
					};
				};
			};
			buildConfigurationList = ADC8D0C12B5ABC2600112718 /* Build configuration list for PBXProject "Parsing-JSON-USING-Bundle" */;
			compatibilityVersion = "Xcode 14.0";
			developmentRegion = en;
			hasScannedForEncodings = 0;
			knownRegions = (
				en,
				Base,
			);
			mainGroup = ADC8D0BD2B5ABC2600112718;
			productRefGroup = ADC8D0C72B5ABC2600112718 /* Products */;
			projectDirPath = "";
			projectRoot = "";
			targets = (
				ADC8D0C52B5ABC2600112718 /* Parsing-JSON-USING-Bundle */,
			);
		};
/* End PBXProject section */

/* Begin PBXResourcesBuildPhase section */
		ADC8D0C42B5ABC2600112718 /* Resources */ = {
			isa = PBXResourcesBuildPhase;
			buildActionMask = 2147483647;
			files = (
				ADC8D0E92B5ABE6200112718 /* presidents.json in Resources */,
				ADC8D0D62B5ABC2700112718 /* LaunchScreen.storyboard in Resources */,
				ADC8D0D32B5ABC2700112718 /* Assets.xcassets in Resources */,
				ADC8D0D12B5ABC2600112718 /* Main.storyboard in Resources */,
			);
			runOnlyForDeploymentPostprocessing = 0;
		};
/* End PBXResourcesBuildPhase section */

/* Begin PBXSourcesBuildPhase section */
		ADC8D0C22B5ABC2600112718 /* Sources */ = {
			isa = PBXSourcesBuildPhase;
			buildActionMask = 2147483647;
			files = (
				ADC8D0E32B5ABD0E00112718 /* President.swift in Sources */,
				ADC8D0CE2B5ABC2600112718 /* ViewController.swift in Sources */,
				ADC8D0CA2B5ABC2600112718 /* AppDelegate.swift in Sources */,
				ADC8D0CC2B5ABC2600112718 /* SceneDelegate.swift in Sources */,
			);
			runOnlyForDeploymentPostprocessing = 0;
		};
/* End PBXSourcesBuildPhase section */

/* Begin PBXVariantGroup section */
		ADC8D0CF2B5ABC2600112718 /* Main.storyboard */ = {
			isa = PBXVariantGroup;
			children = (
				ADC8D0D02B5ABC2600112718 /* Base */,
			);
			name = Main.storyboard;
			sourceTree = "<group>";
		};
		ADC8D0D42B5ABC2700112718 /* LaunchScreen.storyboard */ = {
			isa = PBXVariantGroup;
			children = (
				ADC8D0D52B5ABC2700112718 /* Base */,
			);
			name = LaunchScreen.storyboard;
			sourceTree = "<group>";
		};
/* End PBXVariantGroup section */

/* Begin XCBuildConfiguration section */
		ADC8D0D82B5ABC2700112718 /* Debug */ = {
			isa = XCBuildConfiguration;
			buildSettings = {
				ALWAYS_SEARCH_USER_PATHS = NO;
				CLANG_ANALYZER_NONNULL = YES;
				CLANG_ANALYZER_NUMBER_OBJECT_CONVERSION = YES_AGGRESSIVE;
				CLANG_CXX_LANGUAGE_STANDARD = "gnu++20";
				CLANG_ENABLE_MODULES = YES;
				CLANG_ENABLE_OBJC_ARC = YES;
				CLANG_ENABLE_OBJC_WEAK = YES;
				CLANG_WARN_BLOCK_CAPTURE_AUTORELEASING = YES;
				CLANG_WARN_BOOL_CONVERSION = YES;
				CLANG_WARN_COMMA = YES;
				CLANG_WARN_CONSTANT_CONVERSION = YES;
				CLANG_WARN_DEPRECATED_OBJC_IMPLEMENTATIONS = YES;
				CLANG_WARN_DIRECT_OBJC_ISA_USAGE = YES_ERROR;
				CLANG_WARN_DOCUMENTATION_COMMENTS = YES;
				CLANG_WARN_EMPTY_BODY = YES;
				CLANG_WARN_ENUM_CONVERSION = YES;
				CLANG_WARN_INFINITE_RECURSION = YES;
				CLANG_WARN_INT_CONVERSION = YES;
				CLANG_WARN_NON_LITERAL_NULL_CONVERSION = YES;
				CLANG_WARN_OBJC_IMPLICIT_RETAIN_SELF = YES;
				CLANG_WARN_OBJC_LITERAL_CONVERSION = YES;
				CLANG_WARN_OBJC_ROOT_CLASS = YES_ERROR;
				CLANG_WARN_QUOTED_INCLUDE_IN_FRAMEWORK_HEADER = YES;
				CLANG_WARN_RANGE_LOOP_ANALYSIS = YES;
				CLANG_WARN_STRICT_PROTOTYPES = YES;
				CLANG_WARN_SUSPICIOUS_MOVE = YES;
				CLANG_WARN_UNGUARDED_AVAILABILITY = YES_AGGRESSIVE;
				CLANG_WARN_UNREACHABLE_CODE = YES;
				CLANG_WARN__DUPLICATE_METHOD_MATCH = YES;
				COPY_PHASE_STRIP = NO;
				DEBUG_INFORMATION_FORMAT = dwarf;
				ENABLE_STRICT_OBJC_MSGSEND = YES;
				ENABLE_TESTABILITY = YES;
				GCC_C_LANGUAGE_STANDARD = gnu11;
				GCC_DYNAMIC_NO_PIC = NO;
				GCC_NO_COMMON_BLOCKS = YES;
				GCC_OPTIMIZATION_LEVEL = 0;
				GCC_PREPROCESSOR_DEFINITIONS = (
					"DEBUG=1",
					"$(inherited)",
				);
				GCC_WARN_64_TO_32_BIT_CONVERSION = YES;
				GCC_WARN_ABOUT_RETURN_TYPE = YES_ERROR;
				GCC_WARN_UNDECLARED_SELECTOR = YES;
				GCC_WARN_UNINITIALIZED_AUTOS = YES_AGGRESSIVE;
				GCC_WARN_UNUSED_FUNCTION = YES;
				GCC_WARN_UNUSED_VARIABLE = YES;
				IPHONEOS_DEPLOYMENT_TARGET = 16.4;
				MTL_ENABLE_DEBUG_INFO = INCLUDE_SOURCE;
				MTL_FAST_MATH = YES;
				ONLY_ACTIVE_ARCH = YES;
				SDKROOT = iphoneos;
				SWIFT_ACTIVE_COMPILATION_CONDITIONS = DEBUG;
				SWIFT_OPTIMIZATION_LEVEL = "-Onone";
			};
			name = Debug;
		};
		ADC8D0D92B5ABC2700112718 /* Release */ = {
			isa = XCBuildConfiguration;
			buildSettings = {
				ALWAYS_SEARCH_USER_PATHS = NO;
				CLANG_ANALYZER_NONNULL = YES;
				CLANG_ANALYZER_NUMBER_OBJECT_CONVERSION = YES_AGGRESSIVE;
				CLANG_CXX_LANGUAGE_STANDARD = "gnu++20";
				CLANG_ENABLE_MODULES = YES;
				CLANG_ENABLE_OBJC_ARC = YES;
				CLANG_ENABLE_OBJC_WEAK = YES;
				CLANG_WARN_BLOCK_CAPTURE_AUTORELEASING = YES;
				CLANG_WARN_BOOL_CONVERSION = YES;
				CLANG_WARN_COMMA = YES;
				CLANG_WARN_CONSTANT_CONVERSION = YES;
				CLANG_WARN_DEPRECATED_OBJC_IMPLEMENTATIONS = YES;
				CLANG_WARN_DIRECT_OBJC_ISA_USAGE = YES_ERROR;
				CLANG_WARN_DOCUMENTATION_COMMENTS = YES;
				CLANG_WARN_EMPTY_BODY = YES;
				CLANG_WARN_ENUM_CONVERSION = YES;
				CLANG_WARN_INFINITE_RECURSION = YES;
				CLANG_WARN_INT_CONVERSION = YES;
				CLANG_WARN_NON_LITERAL_NULL_CONVERSION = YES;
				CLANG_WARN_OBJC_IMPLICIT_RETAIN_SELF = YES;
				CLANG_WARN_OBJC_LITERAL_CONVERSION = YES;
				CLANG_WARN_OBJC_ROOT_CLASS = YES_ERROR;
				CLANG_WARN_QUOTED_INCLUDE_IN_FRAMEWORK_HEADER = YES;
				CLANG_WARN_RANGE_LOOP_ANALYSIS = YES;
				CLANG_WARN_STRICT_PROTOTYPES = YES;
				CLANG_WARN_SUSPICIOUS_MOVE = YES;
				CLANG_WARN_UNGUARDED_AVAILABILITY = YES_AGGRESSIVE;
				CLANG_WARN_UNREACHABLE_CODE = YES;
				CLANG_WARN__DUPLICATE_METHOD_MATCH = YES;
				COPY_PHASE_STRIP = NO;
				DEBUG_INFORMATION_FORMAT = "dwarf-with-dsym";
				ENABLE_NS_ASSERTIONS = NO;
				ENABLE_STRICT_OBJC_MSGSEND = YES;
				GCC_C_LANGUAGE_STANDARD = gnu11;
				GCC_NO_COMMON_BLOCKS = YES;
				GCC_WARN_64_TO_32_BIT_CONVERSION = YES;
				GCC_WARN_ABOUT_RETURN_TYPE = YES_ERROR;
				GCC_WARN_UNDECLARED_SELECTOR = YES;
				GCC_WARN_UNINITIALIZED_AUTOS = YES_AGGRESSIVE;
				GCC_WARN_UNUSED_FUNCTION = YES;
				GCC_WARN_UNUSED_VARIABLE = YES;
				IPHONEOS_DEPLOYMENT_TARGET = 16.4;
				MTL_ENABLE_DEBUG_INFO = NO;
				MTL_FAST_MATH = YES;
				SDKROOT = iphoneos;
				SWIFT_COMPILATION_MODE = wholemodule;
				SWIFT_OPTIMIZATION_LEVEL = "-O";
				VALIDATE_PRODUCT = YES;
			};
			name = Release;
		};
		ADC8D0DB2B5ABC2700112718 /* Debug */ = {
			isa = XCBuildConfiguration;
			buildSettings = {
				ASSETCATALOG_COMPILER_APPICON_NAME = AppIcon;
				ASSETCATALOG_COMPILER_GLOBAL_ACCENT_COLOR_NAME = AccentColor;
				CODE_SIGN_STYLE = Automatic;
				CURRENT_PROJECT_VERSION = 1;
				GENERATE_INFOPLIST_FILE = YES;
				INFOPLIST_FILE = "Parsing-JSON-USING-Bundle/Info.plist";
				INFOPLIST_KEY_UIApplicationSupportsIndirectInputEvents = YES;
				INFOPLIST_KEY_UILaunchStoryboardName = LaunchScreen;
				INFOPLIST_KEY_UIMainStoryboardFile = Main;
				INFOPLIST_KEY_UISupportedInterfaceOrientations_iPad = "UIInterfaceOrientationPortrait UIInterfaceOrientationPortraitUpsideDown UIInterfaceOrientationLandscapeLeft UIInterfaceOrientationLandscapeRight";
				INFOPLIST_KEY_UISupportedInterfaceOrientations_iPhone = "UIInterfaceOrientationPortrait UIInterfaceOrientationLandscapeLeft UIInterfaceOrientationLandscapeRight";
				LD_RUNPATH_SEARCH_PATHS = (
					"$(inherited)",
					"@executable_path/Frameworks",
				);
				MARKETING_VERSION = 1.0;
				PRODUCT_BUNDLE_IDENTIFIER = "ru.maksimovnick.Parsing-JSON-USING-Bundle";
				PRODUCT_NAME = "$(TARGET_NAME)";
				SWIFT_EMIT_LOC_STRINGS = YES;
				SWIFT_VERSION = 5.0;
				TARGETED_DEVICE_FAMILY = "1,2";
			};
			name = Debug;
		};
		ADC8D0DC2B5ABC2700112718 /* Release */ = {
			isa = XCBuildConfiguration;
			buildSettings = {
				ASSETCATALOG_COMPILER_APPICON_NAME = AppIcon;
				ASSETCATALOG_COMPILER_GLOBAL_ACCENT_COLOR_NAME = AccentColor;
				CODE_SIGN_STYLE = Automatic;
				CURRENT_PROJECT_VERSION = 1;
				GENERATE_INFOPLIST_FILE = YES;
				INFOPLIST_FILE = "Parsing-JSON-USING-Bundle/Info.plist";
				INFOPLIST_KEY_UIApplicationSupportsIndirectInputEvents = YES;
				INFOPLIST_KEY_UILaunchStoryboardName = LaunchScreen;
				INFOPLIST_KEY_UIMainStoryboardFile = Main;
				INFOPLIST_KEY_UISupportedInterfaceOrientations_iPad = "UIInterfaceOrientationPortrait UIInterfaceOrientationPortraitUpsideDown UIInterfaceOrientationLandscapeLeft UIInterfaceOrientationLandscapeRight";
				INFOPLIST_KEY_UISupportedInterfaceOrientations_iPhone = "UIInterfaceOrientationPortrait UIInterfaceOrientationLandscapeLeft UIInterfaceOrientationLandscapeRight";
				LD_RUNPATH_SEARCH_PATHS = (
					"$(inherited)",
					"@executable_path/Frameworks",
				);
				MARKETING_VERSION = 1.0;
				PRODUCT_BUNDLE_IDENTIFIER = "ru.maksimovnick.Parsing-JSON-USING-Bundle";
				PRODUCT_NAME = "$(TARGET_NAME)";
				SWIFT_EMIT_LOC_STRINGS = YES;
				SWIFT_VERSION = 5.0;
				TARGETED_DEVICE_FAMILY = "1,2";
			};
			name = Release;
		};
/* End XCBuildConfiguration section */

/* Begin XCConfigurationList section */
		ADC8D0C12B5ABC2600112718 /* Build configuration list for PBXProject "Parsing-JSON-USING-Bundle" */ = {
			isa = XCConfigurationList;
			buildConfigurations = (
				ADC8D0D82B5ABC2700112718 /* Debug */,
				ADC8D0D92B5ABC2700112718 /* Release */,
			);
			defaultConfigurationIsVisible = 0;
			defaultConfigurationName = Release;
		};
		ADC8D0DA2B5ABC2700112718 /* Build configuration list for PBXNativeTarget "Parsing-JSON-USING-Bundle" */ = {
			isa = XCConfigurationList;
			buildConfigurations = (
				ADC8D0DB2B5ABC2700112718 /* Debug */,
				ADC8D0DC2B5ABC2700112718 /* Release */,
			);
			defaultConfigurationIsVisible = 0;
			defaultConfigurationName = Release;
		};
/* End XCConfigurationList section */
	};
	rootObject = ADC8D0BE2B5ABC2600112718 /* Project object */;
}
